
Microsoft Visual Studio Solution File, Format Version 12.00
# Visual Studio 14
VisualStudioVersion = 14.0.23107.0
MinimumVisualStudioVersion = 10.0.40219.1
Project("{FAE04EC0-301F-11D3-BF4B-00C04F79EFBC}") = "MyUtilities", "MyUtilities\MyUtilities.csproj", "{A03810DD-7A49-4297-B76C-B7ACEB34964A}"
EndProject
Global
	GlobalSection(SolutionConfigurationPlatforms) = preSolution
		Debug|Any CPU = Debug|Any CPU
		Release|Any CPU = Release|Any CPU
	EndGlobalSection
	GlobalSection(ProjectConfigurationPlatforms) = postSolution
		{A03810DD-7A49-4297-B76C-B7ACEB34964A}.Debug|Any CPU.ActiveCfg = Debug|Any CPU
		{A03810DD-7A49-4297-B76C-B7ACEB34964A}.Debug|Any CPU.Build.0 = Debug|Any CPU
		{A03810DD-7A49-4297-B76C-B7ACEB34964A}.Release|Any CPU.ActiveCfg = Release|Any CPU
		{A03810DD-7A49-4297-B76C-B7ACEB34964A}.Release|Any CPU.Build.0 = Release|Any CPU
	EndGlobalSection
	GlobalSection(SolutionProperties) = preSolution
		HideSolutionNode = FALSE
	EndGlobalSection
EndGlobal
